
Microsoft Visual Studio Solution File, Format Version 12.00
# Visual Studio 2012
Project("{FAE04EC0-301F-11D3-BF4B-00C04F79EFBC}") = "TWNewEgg.PropertyRepoAdapters", "TWNewEgg.PropertyRepoAdapters\TWNewEgg.PropertyRepoAdapters.csproj", "{6BC35419-2D41-409F-88E7-750BF39DB100}"
EndProject
Project("{FAE04EC0-301F-11D3-BF4B-00C04F79EFBC}") = "TWNewEgg.PropertyRepoAdapters.Test", "TWNewEgg.PropertyRepoAdapters.Test\TWNewEgg.PropertyRepoAdapters.Test.csproj", "{7B2680E8-DC3F-421D-A7E2-1FDAC4A53278}"
EndProject
Global
	GlobalSection(TeamFoundationVersionControl) = preSolution
		SccNumberOfProjects = 3
		SccEnterpriseProvider = {4CA58AB2-18FA-4F8D-95D4-32DDF27D184C}
		SccTeamFoundationServer = http://st02mistfs01:8080/tfs/netwcollection
		SccLocalPath0 = .
		SccProjectUniqueName1 = TWNewEgg.PropertyRepoAdapters\\TWNewEgg.PropertyRepoAdapters.csproj
		SccProjectName1 = TWNewEgg.PropertyRepoAdapters
		SccLocalPath1 = TWNewEgg.PropertyRepoAdapters
		SccProjectUniqueName2 = TWNewEgg.PropertyRepoAdapters.Test\\TWNewEgg.PropertyRepoAdapters.Test.csproj
		SccProjectName2 = TWNewEgg.PropertyRepoAdapters.Test
		SccLocalPath2 = TWNewEgg.PropertyRepoAdapters.Test
	EndGlobalSection
	GlobalSection(SolutionConfigurationPlatforms) = preSolution
		Debug|Any CPU = Debug|Any CPU
		Release|Any CPU = Release|Any CPU
	EndGlobalSection
	GlobalSection(ProjectConfigurationPlatforms) = postSolution
		{6BC35419-2D41-409F-88E7-750BF39DB100}.Debug|Any CPU.ActiveCfg = Debug|Any CPU
		{6BC35419-2D41-409F-88E7-750BF39DB100}.Debug|Any CPU.Build.0 = Debug|Any CPU
		{6BC35419-2D41-409F-88E7-750BF39DB100}.Release|Any CPU.ActiveCfg = Release|Any CPU
		{6BC35419-2D41-409F-88E7-750BF39DB100}.Release|Any CPU.Build.0 = Release|Any CPU
		{7B2680E8-DC3F-421D-A7E2-1FDAC4A53278}.Debug|Any CPU.ActiveCfg = Debug|Any CPU
		{7B2680E8-DC3F-421D-A7E2-1FDAC4A53278}.Debug|Any CPU.Build.0 = Debug|Any CPU
		{7B2680E8-DC3F-421D-A7E2-1FDAC4A53278}.Release|Any CPU.ActiveCfg = Release|Any CPU
		{7B2680E8-DC3F-421D-A7E2-1FDAC4A53278}.Release|Any CPU.Build.0 = Release|Any CPU
	EndGlobalSection
	GlobalSection(SolutionProperties) = preSolution
		HideSolutionNode = FALSE
	EndGlobalSection
EndGlobal
