
Microsoft Visual Studio Solution File, Format Version 12.00
# Visual Studio 2012
Project("{FAE04EC0-301F-11D3-BF4B-00C04F79EFBC}") = "TWNewEgg.ECWeb_Mobile", "TWNewEgg.ECWeb_Mobile\TWNewEgg.ECWeb_Mobile.csproj", "{86463D3C-3145-4D9C-9102-29BB7E2766AF}"
EndProject
Project("{FAE04EC0-301F-11D3-BF4B-00C04F79EFBC}") = "TWNewEgg.ECWeb_Mobile.Tests", "TWNewEgg.ECWeb_Mobile.Tests\TWNewEgg.ECWeb_Mobile.Tests.csproj", "{47B2B3F7-392C-424E-9837-84DD8BBF86CF}"
EndProject
Project("{2150E333-8FDC-42A3-9474-1A3956D46DE8}") = "ModelProjects", "ModelProjects", "{0AE7B089-7418-45B5-A4E8-97E5A5EF3944}"
EndProject
Project("{2150E333-8FDC-42A3-9474-1A3956D46DE8}") = "ComponentProjects", "ComponentProjects", "{BD788A5B-276A-4990-B5D9-AE015D12369A}"
EndProject
Project("{2150E333-8FDC-42A3-9474-1A3956D46DE8}") = "2.0ComponentProjects", "2.0ComponentProjects", "{41695199-5A03-4169-8205-099A25CAF344}"
EndProject
Project("{FAE04EC0-301F-11D3-BF4B-00C04F79EFBC}") = "TWNewEgg.Models.WebsiteMappingRules", "..\TWNewEgg.Models\TWNewEgg.Models.WebsiteMappingRules\TWNewEgg.Models.WebsiteMappingRules.csproj", "{FAB868CD-8E2F-48F0-9FDE-04AE4CAA203C}"
EndProject
Project("{FAE04EC0-301F-11D3-BF4B-00C04F79EFBC}") = "TWNewEgg.Models.DomainModels", "..\TWNewEgg.Models\TWNewEgg.Models.DomainModels\TWNewEgg.Models.DomainModels.csproj", "{A4BD2533-FBC1-40D7-9F99-792D8A330F3F}"
EndProject
Project("{FAE04EC0-301F-11D3-BF4B-00C04F79EFBC}") = "TWNewEgg.Models.ViewModels", "..\TWNewEgg.Models\TWNewEgg.Models.ViewModels\TWNewEgg.Models.ViewModels.csproj", "{CA3FC63A-84C3-4899-8365-D110CB8A6BF2}"
EndProject
Project("{FAE04EC0-301F-11D3-BF4B-00C04F79EFBC}") = "TWNewEgg.ECWeb.PrivilegeFilters", "..\TWNewEgg.Components\TWNewEgg.ECWeb.Filters\TWNewEgg.ECWeb.PrivilegeFilters.csproj", "{804862FC-F712-4221-B269-96D075858EF8}"
EndProject
Project("{FAE04EC0-301F-11D3-BF4B-00C04F79EFBC}") = "TWNewEgg.AccountEnprypt", "..\TWNewEgg.Components\TWNewEgg.AccountEnprypt\TWNewEgg.AccountEnprypt.csproj", "{AF7E45A8-7010-4518-AFC1-A8B622FD43FF}"
EndProject
Project("{FAE04EC0-301F-11D3-BF4B-00C04F79EFBC}") = "TWNewEgg.CookiesUtilities", "..\TWNewEgg.Components\TWNewEgg.CookiesUtilities\TWNewEgg.CookiesUtilities.csproj", "{EE1B832A-42A9-484F-BD21-E8DBF6D9B362}"
EndProject
Global
	GlobalSection(TeamFoundationVersionControl) = preSolution
		SccNumberOfProjects = 9
		SccEnterpriseProvider = {4CA58AB2-18FA-4F8D-95D4-32DDF27D184C}
		SccTeamFoundationServer = http://st02mistfs01:8080/tfs/netwcollection
		SccLocalPath0 = .
		SccProjectUniqueName1 = TWNewEgg.ECWeb_Mobile.Tests\\TWNewEgg.ECWeb_Mobile.Tests.csproj
		SccProjectName1 = TWNewEgg.ECWeb_Mobile.Tests
		SccLocalPath1 = TWNewEgg.ECWeb_Mobile.Tests
		SccProjectUniqueName2 = TWNewEgg.ECWeb_Mobile\\TWNewEgg.ECWeb_Mobile.csproj
		SccProjectName2 = TWNewEgg.ECWeb_Mobile
		SccLocalPath2 = TWNewEgg.ECWeb_Mobile
		SccProjectUniqueName3 = ..\\TWNewEgg.Models\\TWNewEgg.Models.WebsiteMappingRules\\TWNewEgg.Models.WebsiteMappingRules.csproj
		SccProjectTopLevelParentUniqueName3 = TWNewEgg.ECWeb_Mobile.sln
		SccProjectName3 = ../TWNewEgg.Models/TWNewEgg.Models.WebsiteMappingRules
		SccLocalPath3 = ..\\TWNewEgg.Models\\TWNewEgg.Models.WebsiteMappingRules
		SccProjectUniqueName4 = ..\\TWNewEgg.Models\\TWNewEgg.Models.DomainModels\\TWNewEgg.Models.DomainModels.csproj
		SccProjectTopLevelParentUniqueName4 = TWNewEgg.ECWeb_Mobile.sln
		SccProjectName4 = ../TWNewEgg.Models/TWNewEgg.Models.DomainModels
		SccLocalPath4 = ..\\TWNewEgg.Models\\TWNewEgg.Models.DomainModels
		SccProjectUniqueName5 = ..\\TWNewEgg.Models\\TWNewEgg.Models.ViewModels\\TWNewEgg.Models.ViewModels.csproj
		SccProjectTopLevelParentUniqueName5 = TWNewEgg.ECWeb_Mobile.sln
		SccProjectName5 = ../TWNewEgg.Models/TWNewEgg.Models.ViewModels
		SccLocalPath5 = ..\\TWNewEgg.Models\\TWNewEgg.Models.ViewModels
		SccProjectUniqueName6 = ..\\TWNewEgg.Components\\TWNewEgg.ECWeb.Filters\\TWNewEgg.ECWeb.PrivilegeFilters.csproj
		SccProjectTopLevelParentUniqueName6 = TWNewEgg.ECWeb_Mobile.sln
		SccProjectName6 = ../TWNewEgg.Components/TWNewEgg.ECWeb.Filters
		SccLocalPath6 = ..\\TWNewEgg.Components\\TWNewEgg.ECWeb.Filters
		SccProjectUniqueName7 = ..\\TWNewEgg.Components\\TWNewEgg.AccountEnprypt\\TWNewEgg.AccountEnprypt.csproj
		SccProjectTopLevelParentUniqueName7 = TWNewEgg.ECWeb_Mobile.sln
		SccProjectName7 = ../TWNewEgg.Components/TWNewEgg.AccountEnprypt
		SccLocalPath7 = ..\\TWNewEgg.Components\\TWNewEgg.AccountEnprypt
		SccProjectUniqueName8 = ..\\TWNewEgg.Components\\TWNewEgg.CookiesUtilities\\TWNewEgg.CookiesUtilities.csproj
		SccProjectTopLevelParentUniqueName8 = TWNewEgg.ECWeb_Mobile.sln
		SccProjectName8 = ../TWNewEgg.Components/TWNewEgg.CookiesUtilities
		SccLocalPath8 = ..\\TWNewEgg.Components\\TWNewEgg.CookiesUtilities
	EndGlobalSection
	GlobalSection(SolutionConfigurationPlatforms) = preSolution
		Debug|Any CPU = Debug|Any CPU
		Release|Any CPU = Release|Any CPU
	EndGlobalSection
	GlobalSection(ProjectConfigurationPlatforms) = postSolution
		{86463D3C-3145-4D9C-9102-29BB7E2766AF}.Debug|Any CPU.ActiveCfg = Debug|Any CPU
		{86463D3C-3145-4D9C-9102-29BB7E2766AF}.Debug|Any CPU.Build.0 = Debug|Any CPU
		{86463D3C-3145-4D9C-9102-29BB7E2766AF}.Release|Any CPU.ActiveCfg = Release|Any CPU
		{86463D3C-3145-4D9C-9102-29BB7E2766AF}.Release|Any CPU.Build.0 = Release|Any CPU
		{47B2B3F7-392C-424E-9837-84DD8BBF86CF}.Debug|Any CPU.ActiveCfg = Debug|Any CPU
		{47B2B3F7-392C-424E-9837-84DD8BBF86CF}.Debug|Any CPU.Build.0 = Debug|Any CPU
		{47B2B3F7-392C-424E-9837-84DD8BBF86CF}.Release|Any CPU.ActiveCfg = Release|Any CPU
		{47B2B3F7-392C-424E-9837-84DD8BBF86CF}.Release|Any CPU.Build.0 = Release|Any CPU
		{FAB868CD-8E2F-48F0-9FDE-04AE4CAA203C}.Debug|Any CPU.ActiveCfg = Debug|Any CPU
		{FAB868CD-8E2F-48F0-9FDE-04AE4CAA203C}.Debug|Any CPU.Build.0 = Debug|Any CPU
		{FAB868CD-8E2F-48F0-9FDE-04AE4CAA203C}.Release|Any CPU.ActiveCfg = Release|Any CPU
		{FAB868CD-8E2F-48F0-9FDE-04AE4CAA203C}.Release|Any CPU.Build.0 = Release|Any CPU
		{A4BD2533-FBC1-40D7-9F99-792D8A330F3F}.Debug|Any CPU.ActiveCfg = Debug|Any CPU
		{A4BD2533-FBC1-40D7-9F99-792D8A330F3F}.Debug|Any CPU.Build.0 = Debug|Any CPU
		{A4BD2533-FBC1-40D7-9F99-792D8A330F3F}.Release|Any CPU.ActiveCfg = Release|Any CPU
		{A4BD2533-FBC1-40D7-9F99-792D8A330F3F}.Release|Any CPU.Build.0 = Release|Any CPU
		{CA3FC63A-84C3-4899-8365-D110CB8A6BF2}.Debug|Any CPU.ActiveCfg = Debug|Any CPU
		{CA3FC63A-84C3-4899-8365-D110CB8A6BF2}.Debug|Any CPU.Build.0 = Debug|Any CPU
		{CA3FC63A-84C3-4899-8365-D110CB8A6BF2}.Release|Any CPU.ActiveCfg = Release|Any CPU
		{CA3FC63A-84C3-4899-8365-D110CB8A6BF2}.Release|Any CPU.Build.0 = Release|Any CPU
		{804862FC-F712-4221-B269-96D075858EF8}.Debug|Any CPU.ActiveCfg = Debug|Any CPU
		{804862FC-F712-4221-B269-96D075858EF8}.Debug|Any CPU.Build.0 = Debug|Any CPU
		{804862FC-F712-4221-B269-96D075858EF8}.Release|Any CPU.ActiveCfg = Release|Any CPU
		{804862FC-F712-4221-B269-96D075858EF8}.Release|Any CPU.Build.0 = Release|Any CPU
		{AF7E45A8-7010-4518-AFC1-A8B622FD43FF}.Debug|Any CPU.ActiveCfg = Debug|Any CPU
		{AF7E45A8-7010-4518-AFC1-A8B622FD43FF}.Debug|Any CPU.Build.0 = Debug|Any CPU
		{AF7E45A8-7010-4518-AFC1-A8B622FD43FF}.Release|Any CPU.ActiveCfg = Release|Any CPU
		{AF7E45A8-7010-4518-AFC1-A8B622FD43FF}.Release|Any CPU.Build.0 = Release|Any CPU
		{EE1B832A-42A9-484F-BD21-E8DBF6D9B362}.Debug|Any CPU.ActiveCfg = Debug|Any CPU
		{EE1B832A-42A9-484F-BD21-E8DBF6D9B362}.Debug|Any CPU.Build.0 = Debug|Any CPU
		{EE1B832A-42A9-484F-BD21-E8DBF6D9B362}.Release|Any CPU.ActiveCfg = Release|Any CPU
		{EE1B832A-42A9-484F-BD21-E8DBF6D9B362}.Release|Any CPU.Build.0 = Release|Any CPU
	EndGlobalSection
	GlobalSection(SolutionProperties) = preSolution
		HideSolutionNode = FALSE
	EndGlobalSection
	GlobalSection(NestedProjects) = preSolution
		{FAB868CD-8E2F-48F0-9FDE-04AE4CAA203C} = {0AE7B089-7418-45B5-A4E8-97E5A5EF3944}
		{A4BD2533-FBC1-40D7-9F99-792D8A330F3F} = {0AE7B089-7418-45B5-A4E8-97E5A5EF3944}
		{CA3FC63A-84C3-4899-8365-D110CB8A6BF2} = {0AE7B089-7418-45B5-A4E8-97E5A5EF3944}
		{804862FC-F712-4221-B269-96D075858EF8} = {41695199-5A03-4169-8205-099A25CAF344}
		{AF7E45A8-7010-4518-AFC1-A8B622FD43FF} = {41695199-5A03-4169-8205-099A25CAF344}
		{EE1B832A-42A9-484F-BD21-E8DBF6D9B362} = {41695199-5A03-4169-8205-099A25CAF344}
	EndGlobalSection
EndGlobal
