
Microsoft Visual Studio Solution File, Format Version 12.00
# Visual Studio 2012
Project("{FAE04EC0-301F-11D3-BF4B-00C04F79EFBC}") = "TWNewEgg.Models.DBModels", "TWNewEgg.Models.DBModels\TWNewEgg.Models.DBModels.csproj", "{CA4238CB-7B02-4ED1-8E46-F62A2EB3F45E}"
EndProject
Project("{FAE04EC0-301F-11D3-BF4B-00C04F79EFBC}") = "TWNewEgg.Models.DomainModels", "TWNewEgg.Models.DomainModels\TWNewEgg.Models.DomainModels.csproj", "{A4BD2533-FBC1-40D7-9F99-792D8A330F3F}"
EndProject
Project("{FAE04EC0-301F-11D3-BF4B-00C04F79EFBC}") = "TWNewEgg.Models.ViewModels", "TWNewEgg.Models.ViewModels\TWNewEgg.Models.ViewModels.csproj", "{CA3FC63A-84C3-4899-8365-D110CB8A6BF2}"
EndProject
Project("{FAE04EC0-301F-11D3-BF4B-00C04F79EFBC}") = "TWNewEgg.Models.WebsiteMappingRules", "TWNewEgg.Models.WebsiteMappingRules\TWNewEgg.Models.WebsiteMappingRules.csproj", "{FAB868CD-8E2F-48F0-9FDE-04AE4CAA203C}"
EndProject
Project("{FAE04EC0-301F-11D3-BF4B-00C04F79EFBC}") = "TWNewEgg.Models.ServiceMappingRules", "TWNewEgg.Models.ServiceMappingRules\TWNewEgg.Models.ServiceMappingRules.csproj", "{96164590-4AE7-4035-9BC2-53EAE1BB022F}"
EndProject
Project("{FAE04EC0-301F-11D3-BF4B-00C04F79EFBC}") = "TWNewEgg.VendorModels.DBModels", "TWNewEgg.VendorModels.DBModels\TWNewEgg.VendorModels.DBModels.csproj", "{E2956CD8-357A-4B3F-8C9C-58C73E49DCC5}"
EndProject
Global
	GlobalSection(TeamFoundationVersionControl) = preSolution
		SccNumberOfProjects = 6
		SccEnterpriseProvider = {4CA58AB2-18FA-4F8D-95D4-32DDF27D184C}
		SccTeamFoundationServer = http://st02mistfs01:8080/tfs/netwcollection
		SccProjectUniqueName0 = TWNewEgg.Models.DBModels\\TWNewEgg.Models.DBModels.csproj
		SccProjectName0 = TWNewEgg.Models.DBModels
		SccAuxPath0 = http://st02mistfs01:8080/tfs/netwcollection
		SccLocalPath0 = TWNewEgg.Models.DBModels
		SccProvider0 = {4CA58AB2-18FA-4F8D-95D4-32DDF27D184C}
		SccProjectUniqueName1 = TWNewEgg.Models.DomainModels\\TWNewEgg.Models.DomainModels.csproj
		SccProjectName1 = TWNewEgg.Models.DomainModels
		SccAuxPath1 = http://st02mistfs01:8080/tfs/netwcollection
		SccLocalPath1 = TWNewEgg.Models.DomainModels
		SccProvider1 = {4CA58AB2-18FA-4F8D-95D4-32DDF27D184C}
		SccProjectUniqueName2 = TWNewEgg.Models.ViewModels\\TWNewEgg.Models.ViewModels.csproj
		SccProjectName2 = TWNewEgg.Models.ViewModels
		SccAuxPath2 = http://st02mistfs01:8080/tfs/netwcollection
		SccLocalPath2 = TWNewEgg.Models.ViewModels
		SccProvider2 = {4CA58AB2-18FA-4F8D-95D4-32DDF27D184C}
		SccProjectUniqueName3 = TWNewEgg.Models.WebsiteMappingRules\\TWNewEgg.Models.WebsiteMappingRules.csproj
		SccProjectName3 = TWNewEgg.Models.WebsiteMappingRules
		SccAuxPath3 = http://st02mistfs01:8080/tfs/netwcollection
		SccLocalPath3 = TWNewEgg.Models.WebsiteMappingRules
		SccProvider3 = {4CA58AB2-18FA-4F8D-95D4-32DDF27D184C}
		SccProjectUniqueName4 = TWNewEgg.Models.ServiceMappingRules\\TWNewEgg.Models.ServiceMappingRules.csproj
		SccProjectName4 = TWNewEgg.Models.ServiceMappingRules
		SccAuxPath4 = http://st02mistfs01:8080/tfs/netwcollection
		SccLocalPath4 = TWNewEgg.Models.ServiceMappingRules
		SccProvider4 = {4CA58AB2-18FA-4F8D-95D4-32DDF27D184C}
		SccProjectUniqueName5 = TWNewEgg.VendorModels.DBModels\\TWNewEgg.VendorModels.DBModels.csproj
		SccProjectName5 = TWNewEgg.VendorModels.DBModels
		SccAuxPath5 = http://st02mistfs01:8080/tfs/netwcollection
		SccLocalPath5 = TWNewEgg.VendorModels.DBModels
		SccProvider5 = {4CA58AB2-18FA-4F8D-95D4-32DDF27D184C}
	EndGlobalSection
	GlobalSection(SolutionConfigurationPlatforms) = preSolution
		Debug|Any CPU = Debug|Any CPU
		Release|Any CPU = Release|Any CPU
	EndGlobalSection
	GlobalSection(ProjectConfigurationPlatforms) = postSolution
		{CA4238CB-7B02-4ED1-8E46-F62A2EB3F45E}.Debug|Any CPU.ActiveCfg = Debug|Any CPU
		{CA4238CB-7B02-4ED1-8E46-F62A2EB3F45E}.Debug|Any CPU.Build.0 = Debug|Any CPU
		{CA4238CB-7B02-4ED1-8E46-F62A2EB3F45E}.Release|Any CPU.ActiveCfg = Release|Any CPU
		{CA4238CB-7B02-4ED1-8E46-F62A2EB3F45E}.Release|Any CPU.Build.0 = Release|Any CPU
		{A4BD2533-FBC1-40D7-9F99-792D8A330F3F}.Debug|Any CPU.ActiveCfg = Debug|Any CPU
		{A4BD2533-FBC1-40D7-9F99-792D8A330F3F}.Debug|Any CPU.Build.0 = Debug|Any CPU
		{A4BD2533-FBC1-40D7-9F99-792D8A330F3F}.Release|Any CPU.ActiveCfg = Release|Any CPU
		{A4BD2533-FBC1-40D7-9F99-792D8A330F3F}.Release|Any CPU.Build.0 = Release|Any CPU
		{CA3FC63A-84C3-4899-8365-D110CB8A6BF2}.Debug|Any CPU.ActiveCfg = Debug|Any CPU
		{CA3FC63A-84C3-4899-8365-D110CB8A6BF2}.Debug|Any CPU.Build.0 = Debug|Any CPU
		{CA3FC63A-84C3-4899-8365-D110CB8A6BF2}.Release|Any CPU.ActiveCfg = Release|Any CPU
		{CA3FC63A-84C3-4899-8365-D110CB8A6BF2}.Release|Any CPU.Build.0 = Release|Any CPU
		{FAB868CD-8E2F-48F0-9FDE-04AE4CAA203C}.Debug|Any CPU.ActiveCfg = Debug|Any CPU
		{FAB868CD-8E2F-48F0-9FDE-04AE4CAA203C}.Debug|Any CPU.Build.0 = Debug|Any CPU
		{FAB868CD-8E2F-48F0-9FDE-04AE4CAA203C}.Release|Any CPU.ActiveCfg = Release|Any CPU
		{FAB868CD-8E2F-48F0-9FDE-04AE4CAA203C}.Release|Any CPU.Build.0 = Release|Any CPU
		{96164590-4AE7-4035-9BC2-53EAE1BB022F}.Debug|Any CPU.ActiveCfg = Debug|Any CPU
		{96164590-4AE7-4035-9BC2-53EAE1BB022F}.Debug|Any CPU.Build.0 = Debug|Any CPU
		{96164590-4AE7-4035-9BC2-53EAE1BB022F}.Release|Any CPU.ActiveCfg = Release|Any CPU
		{96164590-4AE7-4035-9BC2-53EAE1BB022F}.Release|Any CPU.Build.0 = Release|Any CPU
		{E2956CD8-357A-4B3F-8C9C-58C73E49DCC5}.Debug|Any CPU.ActiveCfg = Debug|Any CPU
		{E2956CD8-357A-4B3F-8C9C-58C73E49DCC5}.Debug|Any CPU.Build.0 = Debug|Any CPU
		{E2956CD8-357A-4B3F-8C9C-58C73E49DCC5}.Release|Any CPU.ActiveCfg = Release|Any CPU
		{E2956CD8-357A-4B3F-8C9C-58C73E49DCC5}.Release|Any CPU.Build.0 = Release|Any CPU
	EndGlobalSection
	GlobalSection(SolutionProperties) = preSolution
		HideSolutionNode = FALSE
	EndGlobalSection
EndGlobal
